// !$*UTF8*$!
{
	archiveVersion = 1;
	classes = {
	};
	objectVersion = 56;
	objects = {

/* Begin PBXBuildFile section */
		1EC9F4E42BBC33AC00826FF2 /* AppDelegate.swift in Sources */ = {isa = PBXBuildFile; fileRef = 1EC9F4E32BBC33AC00826FF2 /* AppDelegate.swift */; };
		1EC9F4E62BBC33AC00826FF2 /* SceneDelegate.swift in Sources */ = {isa = PBXBuildFile; fileRef = 1EC9F4E52BBC33AC00826FF2 /* SceneDelegate.swift */; };
		1EC9F4E82BBC33AC00826FF2 /* ViewController.swift in Sources */ = {isa = PBXBuildFile; fileRef = 1EC9F4E72BBC33AC00826FF2 /* ViewController.swift */; };
		1EC9F4EB2BBC33AC00826FF2 /* Base in Resources */ = {isa = PBXBuildFile; fileRef = 1EC9F4EA2BBC33AC00826FF2 /* Base */; };
		1EC9F4ED2BBC33AE00826FF2 /* Assets.xcassets in Resources */ = {isa = PBXBuildFile; fileRef = 1EC9F4EC2BBC33AE00826FF2 /* Assets.xcassets */; };
		1EC9F4F02BBC33AE00826FF2 /* Base in Resources */ = {isa = PBXBuildFile; fileRef = 1EC9F4EF2BBC33AE00826FF2 /* Base */; };
		1EC9F4FB2BBC33AF00826FF2 /* MusicApplicationTests.swift in Sources */ = {isa = PBXBuildFile; fileRef = 1EC9F4FA2BBC33AF00826FF2 /* MusicApplicationTests.swift */; };
		1EC9F5052BBC33AF00826FF2 /* MusicApplicationUITests.swift in Sources */ = {isa = PBXBuildFile; fileRef = 1EC9F5042BBC33AF00826FF2 /* MusicApplicationUITests.swift */; };
		1EC9F5072BBC33AF00826FF2 /* MusicApplicationUITestsLaunchTests.swift in Sources */ = {isa = PBXBuildFile; fileRef = 1EC9F5062BBC33AF00826FF2 /* MusicApplicationUITestsLaunchTests.swift */; };
		1EC9F5142BBD344300826FF2 /* CustomTableViewCell.swift in Sources */ = {isa = PBXBuildFile; fileRef = 1EC9F5132BBD344300826FF2 /* CustomTableViewCell.swift */; };
		1EC9F5162BBDA62800826FF2 /* Song.swift in Sources */ = {isa = PBXBuildFile; fileRef = 1EC9F5152BBDA62800826FF2 /* Song.swift */; };
		1EC9F5182BBDB97000826FF2 /* NetworkManager.swift in Sources */ = {isa = PBXBuildFile; fileRef = 1EC9F5172BBDB97000826FF2 /* NetworkManager.swift */; };
		1EC9F51A2BBE5E7900826FF2 /* UIImageView+Rounded.swift in Sources */ = {isa = PBXBuildFile; fileRef = 1EC9F5192BBE5E7900826FF2 /* UIImageView+Rounded.swift */; };
		1EC9F51C2BBE648100826FF2 /* SongViewModel.swift in Sources */ = {isa = PBXBuildFile; fileRef = 1EC9F51B2BBE648100826FF2 /* SongViewModel.swift */; };
/* End PBXBuildFile section */

/* Begin PBXContainerItemProxy section */
		1EC9F4F72BBC33AF00826FF2 /* PBXContainerItemProxy */ = {
			isa = PBXContainerItemProxy;
			containerPortal = 1EC9F4D82BBC33AC00826FF2 /* Project object */;
			proxyType = 1;
			remoteGlobalIDString = 1EC9F4DF2BBC33AC00826FF2;
			remoteInfo = MusicApplication;
		};
		1EC9F5012BBC33AF00826FF2 /* PBXContainerItemProxy */ = {
			isa = PBXContainerItemProxy;
			containerPortal = 1EC9F4D82BBC33AC00826FF2 /* Project object */;
			proxyType = 1;
			remoteGlobalIDString = 1EC9F4DF2BBC33AC00826FF2;
			remoteInfo = MusicApplication;
		};
/* End PBXContainerItemProxy section */

/* Begin PBXFileReference section */
		1EC9F4E02BBC33AC00826FF2 /* MusicApplication.app */ = {isa = PBXFileReference; explicitFileType = wrapper.application; includeInIndex = 0; path = MusicApplication.app; sourceTree = BUILT_PRODUCTS_DIR; };
		1EC9F4E32BBC33AC00826FF2 /* AppDelegate.swift */ = {isa = PBXFileReference; lastKnownFileType = sourcecode.swift; path = AppDelegate.swift; sourceTree = "<group>"; };
		1EC9F4E52BBC33AC00826FF2 /* SceneDelegate.swift */ = {isa = PBXFileReference; lastKnownFileType = sourcecode.swift; path = SceneDelegate.swift; sourceTree = "<group>"; };
		1EC9F4E72BBC33AC00826FF2 /* ViewController.swift */ = {isa = PBXFileReference; lastKnownFileType = sourcecode.swift; path = ViewController.swift; sourceTree = "<group>"; };
		1EC9F4EA2BBC33AC00826FF2 /* Base */ = {isa = PBXFileReference; lastKnownFileType = file.storyboard; name = Base; path = Base.lproj/Main.storyboard; sourceTree = "<group>"; };
		1EC9F4EC2BBC33AE00826FF2 /* Assets.xcassets */ = {isa = PBXFileReference; lastKnownFileType = folder.assetcatalog; path = Assets.xcassets; sourceTree = "<group>"; };
		1EC9F4EF2BBC33AE00826FF2 /* Base */ = {isa = PBXFileReference; lastKnownFileType = file.storyboard; name = Base; path = Base.lproj/LaunchScreen.storyboard; sourceTree = "<group>"; };
		1EC9F4F12BBC33AE00826FF2 /* Info.plist */ = {isa = PBXFileReference; lastKnownFileType = text.plist.xml; path = Info.plist; sourceTree = "<group>"; };
		1EC9F4F62BBC33AF00826FF2 /* MusicApplicationTests.xctest */ = {isa = PBXFileReference; explicitFileType = wrapper.cfbundle; includeInIndex = 0; path = MusicApplicationTests.xctest; sourceTree = BUILT_PRODUCTS_DIR; };
		1EC9F4FA2BBC33AF00826FF2 /* MusicApplicationTests.swift */ = {isa = PBXFileReference; lastKnownFileType = sourcecode.swift; path = MusicApplicationTests.swift; sourceTree = "<group>"; };
		1EC9F5002BBC33AF00826FF2 /* MusicApplicationUITests.xctest */ = {isa = PBXFileReference; explicitFileType = wrapper.cfbundle; includeInIndex = 0; path = MusicApplicationUITests.xctest; sourceTree = BUILT_PRODUCTS_DIR; };
		1EC9F5042BBC33AF00826FF2 /* MusicApplicationUITests.swift */ = {isa = PBXFileReference; lastKnownFileType = sourcecode.swift; path = MusicApplicationUITests.swift; sourceTree = "<group>"; };
		1EC9F5062BBC33AF00826FF2 /* MusicApplicationUITestsLaunchTests.swift */ = {isa = PBXFileReference; lastKnownFileType = sourcecode.swift; path = MusicApplicationUITestsLaunchTests.swift; sourceTree = "<group>"; };
		1EC9F5132BBD344300826FF2 /* CustomTableViewCell.swift */ = {isa = PBXFileReference; lastKnownFileType = sourcecode.swift; path = CustomTableViewCell.swift; sourceTree = "<group>"; };
		1EC9F5152BBDA62800826FF2 /* Song.swift */ = {isa = PBXFileReference; lastKnownFileType = sourcecode.swift; path = Song.swift; sourceTree = "<group>"; };
		1EC9F5172BBDB97000826FF2 /* NetworkManager.swift */ = {isa = PBXFileReference; lastKnownFileType = sourcecode.swift; path = NetworkManager.swift; sourceTree = "<group>"; };
		1EC9F5192BBE5E7900826FF2 /* UIImageView+Rounded.swift */ = {isa = PBXFileReference; lastKnownFileType = sourcecode.swift; path = "UIImageView+Rounded.swift"; sourceTree = "<group>"; };
		1EC9F51B2BBE648100826FF2 /* SongViewModel.swift */ = {isa = PBXFileReference; lastKnownFileType = sourcecode.swift; path = SongViewModel.swift; sourceTree = "<group>"; };
/* End PBXFileReference section */

/* Begin PBXFrameworksBuildPhase section */
		1EC9F4DD2BBC33AC00826FF2 /* Frameworks */ = {
			isa = PBXFrameworksBuildPhase;
			buildActionMask = 2147483647;
			files = (
			);
			runOnlyForDeploymentPostprocessing = 0;
		};
		1EC9F4F32BBC33AF00826FF2 /* Frameworks */ = {
			isa = PBXFrameworksBuildPhase;
			buildActionMask = 2147483647;
			files = (
			);
			runOnlyForDeploymentPostprocessing = 0;
		};
		1EC9F4FD2BBC33AF00826FF2 /* Frameworks */ = {
			isa = PBXFrameworksBuildPhase;
			buildActionMask = 2147483647;
			files = (
			);
			runOnlyForDeploymentPostprocessing = 0;
		};
/* End PBXFrameworksBuildPhase section */

/* Begin PBXGroup section */
		1EC9F4D72BBC33AC00826FF2 = {
			isa = PBXGroup;
			children = (
				1EC9F4E22BBC33AC00826FF2 /* MusicApplication */,
				1EC9F4F92BBC33AF00826FF2 /* MusicApplicationTests */,
				1EC9F5032BBC33AF00826FF2 /* MusicApplicationUITests */,
				1EC9F4E12BBC33AC00826FF2 /* Products */,
			);
			sourceTree = "<group>";
		};
		1EC9F4E12BBC33AC00826FF2 /* Products */ = {
			isa = PBXGroup;
			children = (
				1EC9F4E02BBC33AC00826FF2 /* MusicApplication.app */,
				1EC9F4F62BBC33AF00826FF2 /* MusicApplicationTests.xctest */,
				1EC9F5002BBC33AF00826FF2 /* MusicApplicationUITests.xctest */,
			);
			name = Products;
			sourceTree = "<group>";
		};
		1EC9F4E22BBC33AC00826FF2 /* MusicApplication */ = {
			isa = PBXGroup;
			children = (
				1EC9F4E32BBC33AC00826FF2 /* AppDelegate.swift */,
				1EC9F4E52BBC33AC00826FF2 /* SceneDelegate.swift */,
				1EC9F4E72BBC33AC00826FF2 /* ViewController.swift */,
				1EC9F4E92BBC33AC00826FF2 /* Main.storyboard */,
				1EC9F4EC2BBC33AE00826FF2 /* Assets.xcassets */,
				1EC9F4EE2BBC33AE00826FF2 /* LaunchScreen.storyboard */,
				1EC9F4F12BBC33AE00826FF2 /* Info.plist */,
				1EC9F5152BBDA62800826FF2 /* Song.swift */,
				1EC9F5132BBD344300826FF2 /* CustomTableViewCell.swift */,
				1EC9F5172BBDB97000826FF2 /* NetworkManager.swift */,
				1EC9F5192BBE5E7900826FF2 /* UIImageView+Rounded.swift */,
				1EC9F51B2BBE648100826FF2 /* SongViewModel.swift */,
			);
			path = MusicApplication;
			sourceTree = "<group>";
		};
		1EC9F4F92BBC33AF00826FF2 /* MusicApplicationTests */ = {
			isa = PBXGroup;
			children = (
				1EC9F4FA2BBC33AF00826FF2 /* MusicApplicationTests.swift */,
			);
			path = MusicApplicationTests;
			sourceTree = "<group>";
		};
		1EC9F5032BBC33AF00826FF2 /* MusicApplicationUITests */ = {
			isa = PBXGroup;
			children = (
				1EC9F5042BBC33AF00826FF2 /* MusicApplicationUITests.swift */,
				1EC9F5062BBC33AF00826FF2 /* MusicApplicationUITestsLaunchTests.swift */,
			);
			path = MusicApplicationUITests;
			sourceTree = "<group>";
		};
/* End PBXGroup section */

/* Begin PBXNativeTarget section */
		1EC9F4DF2BBC33AC00826FF2 /* MusicApplication */ = {
			isa = PBXNativeTarget;
			buildConfigurationList = 1EC9F50A2BBC33AF00826FF2 /* Build configuration list for PBXNativeTarget "MusicApplication" */;
			buildPhases = (
				1EC9F4DC2BBC33AC00826FF2 /* Sources */,
				1EC9F4DD2BBC33AC00826FF2 /* Frameworks */,
				1EC9F4DE2BBC33AC00826FF2 /* Resources */,
			);
			buildRules = (
			);
			dependencies = (
			);
			name = MusicApplication;
			productName = MusicApplication;
			productReference = 1EC9F4E02BBC33AC00826FF2 /* MusicApplication.app */;
			productType = "com.apple.product-type.application";
		};
		1EC9F4F52BBC33AF00826FF2 /* MusicApplicationTests */ = {
			isa = PBXNativeTarget;
			buildConfigurationList = 1EC9F50D2BBC33AF00826FF2 /* Build configuration list for PBXNativeTarget "MusicApplicationTests" */;
			buildPhases = (
				1EC9F4F22BBC33AF00826FF2 /* Sources */,
				1EC9F4F32BBC33AF00826FF2 /* Frameworks */,
				1EC9F4F42BBC33AF00826FF2 /* Resources */,
			);
			buildRules = (
			);
			dependencies = (
				1EC9F4F82BBC33AF00826FF2 /* PBXTargetDependency */,
			);
			name = MusicApplicationTests;
			productName = MusicApplicationTests;
			productReference = 1EC9F4F62BBC33AF00826FF2 /* MusicApplicationTests.xctest */;
			productType = "com.apple.product-type.bundle.unit-test";
		};
		1EC9F4FF2BBC33AF00826FF2 /* MusicApplicationUITests */ = {
			isa = PBXNativeTarget;
			buildConfigurationList = 1EC9F5102BBC33AF00826FF2 /* Build configuration list for PBXNativeTarget "MusicApplicationUITests" */;
			buildPhases = (
				1EC9F4FC2BBC33AF00826FF2 /* Sources */,
				1EC9F4FD2BBC33AF00826FF2 /* Frameworks */,
				1EC9F4FE2BBC33AF00826FF2 /* Resources */,
			);
			buildRules = (
			);
			dependencies = (
				1EC9F5022BBC33AF00826FF2 /* PBXTargetDependency */,
			);
			name = MusicApplicationUITests;
			productName = MusicApplicationUITests;
			productReference = 1EC9F5002BBC33AF00826FF2 /* MusicApplicationUITests.xctest */;
			productType = "com.apple.product-type.bundle.ui-testing";
		};
/* End PBXNativeTarget section */

/* Begin PBXProject section */
		1EC9F4D82BBC33AC00826FF2 /* Project object */ = {
			isa = PBXProject;
			attributes = {
				BuildIndependentTargetsInParallel = 1;
				LastSwiftUpdateCheck = 1530;
				LastUpgradeCheck = 1530;
				TargetAttributes = {
					1EC9F4DF2BBC33AC00826FF2 = {
						CreatedOnToolsVersion = 15.3;
					};
					1EC9F4F52BBC33AF00826FF2 = {
						CreatedOnToolsVersion = 15.3;
						TestTargetID = 1EC9F4DF2BBC33AC00826FF2;
					};
					1EC9F4FF2BBC33AF00826FF2 = {
						CreatedOnToolsVersion = 15.3;
						TestTargetID = 1EC9F4DF2BBC33AC00826FF2;
					};
				};
			};
			buildConfigurationList = 1EC9F4DB2BBC33AC00826FF2 /* Build configuration list for PBXProject "MusicApplication" */;
			compatibilityVersion = "Xcode 14.0";
			developmentRegion = en;
			hasScannedForEncodings = 0;
			knownRegions = (
				en,
				Base,
			);
			mainGroup = 1EC9F4D72BBC33AC00826FF2;
			productRefGroup = 1EC9F4E12BBC33AC00826FF2 /* Products */;
			projectDirPath = "";
			projectRoot = "";
			targets = (
				1EC9F4DF2BBC33AC00826FF2 /* MusicApplication */,
				1EC9F4F52BBC33AF00826FF2 /* MusicApplicationTests */,
				1EC9F4FF2BBC33AF00826FF2 /* MusicApplicationUITests */,
			);
		};
/* End PBXProject section */

/* Begin PBXResourcesBuildPhase section */
		1EC9F4DE2BBC33AC00826FF2 /* Resources */ = {
			isa = PBXResourcesBuildPhase;
			buildActionMask = 2147483647;
			files = (
				1EC9F4ED2BBC33AE00826FF2 /* Assets.xcassets in Resources */,
				1EC9F4F02BBC33AE00826FF2 /* Base in Resources */,
				1EC9F4EB2BBC33AC00826FF2 /* Base in Resources */,
			);
			runOnlyForDeploymentPostprocessing = 0;
		};
		1EC9F4F42BBC33AF00826FF2 /* Resources */ = {
			isa = PBXResourcesBuildPhase;
			buildActionMask = 2147483647;
			files = (
			);
			runOnlyForDeploymentPostprocessing = 0;
		};
		1EC9F4FE2BBC33AF00826FF2 /* Resources */ = {
			isa = PBXResourcesBuildPhase;
			buildActionMask = 2147483647;
			files = (
			);
			runOnlyForDeploymentPostprocessing = 0;
		};
/* End PBXResourcesBuildPhase section */

/* Begin PBXSourcesBuildPhase section */
		1EC9F4DC2BBC33AC00826FF2 /* Sources */ = {
			isa = PBXSourcesBuildPhase;
			buildActionMask = 2147483647;
			files = (
				1EC9F5182BBDB97000826FF2 /* NetworkManager.swift in Sources */,
				1EC9F51C2BBE648100826FF2 /* SongViewModel.swift in Sources */,
				1EC9F4E82BBC33AC00826FF2 /* ViewController.swift in Sources */,
				1EC9F4E42BBC33AC00826FF2 /* AppDelegate.swift in Sources */,
				1EC9F5142BBD344300826FF2 /* CustomTableViewCell.swift in Sources */,
				1EC9F4E62BBC33AC00826FF2 /* SceneDelegate.swift in Sources */,
				1EC9F51A2BBE5E7900826FF2 /* UIImageView+Rounded.swift in Sources */,
				1EC9F5162BBDA62800826FF2 /* Song.swift in Sources */,
			);
			runOnlyForDeploymentPostprocessing = 0;
		};
		1EC9F4F22BBC33AF00826FF2 /* Sources */ = {
			isa = PBXSourcesBuildPhase;
			buildActionMask = 2147483647;
			files = (
				1EC9F4FB2BBC33AF00826FF2 /* MusicApplicationTests.swift in Sources */,
			);
			runOnlyForDeploymentPostprocessing = 0;
		};
		1EC9F4FC2BBC33AF00826FF2 /* Sources */ = {
			isa = PBXSourcesBuildPhase;
			buildActionMask = 2147483647;
			files = (
				1EC9F5052BBC33AF00826FF2 /* MusicApplicationUITests.swift in Sources */,
				1EC9F5072BBC33AF00826FF2 /* MusicApplicationUITestsLaunchTests.swift in Sources */,
			);
			runOnlyForDeploymentPostprocessing = 0;
		};
/* End PBXSourcesBuildPhase section */

/* Begin PBXTargetDependency section */
		1EC9F4F82BBC33AF00826FF2 /* PBXTargetDependency */ = {
			isa = PBXTargetDependency;
			target = 1EC9F4DF2BBC33AC00826FF2 /* MusicApplication */;
			targetProxy = 1EC9F4F72BBC33AF00826FF2 /* PBXContainerItemProxy */;
		};
		1EC9F5022BBC33AF00826FF2 /* PBXTargetDependency */ = {
			isa = PBXTargetDependency;
			target = 1EC9F4DF2BBC33AC00826FF2 /* MusicApplication */;
			targetProxy = 1EC9F5012BBC33AF00826FF2 /* PBXContainerItemProxy */;
		};
/* End PBXTargetDependency section */

/* Begin PBXVariantGroup section */
		1EC9F4E92BBC33AC00826FF2 /* Main.storyboard */ = {
			isa = PBXVariantGroup;
			children = (
				1EC9F4EA2BBC33AC00826FF2 /* Base */,
			);
			name = Main.storyboard;
			sourceTree = "<group>";
		};
		1EC9F4EE2BBC33AE00826FF2 /* LaunchScreen.storyboard */ = {
			isa = PBXVariantGroup;
			children = (
				1EC9F4EF2BBC33AE00826FF2 /* Base */,
			);
			name = LaunchScreen.storyboard;
			sourceTree = "<group>";
		};
/* End PBXVariantGroup section */

/* Begin XCBuildConfiguration section */
		1EC9F5082BBC33AF00826FF2 /* Debug */ = {
			isa = XCBuildConfiguration;
			buildSettings = {
				ALWAYS_SEARCH_USER_PATHS = NO;
				ASSETCATALOG_COMPILER_GENERATE_SWIFT_ASSET_SYMBOL_EXTENSIONS = YES;
				CLANG_ANALYZER_NONNULL = YES;
				CLANG_ANALYZER_NUMBER_OBJECT_CONVERSION = YES_AGGRESSIVE;
				CLANG_CXX_LANGUAGE_STANDARD = "gnu++20";
				CLANG_ENABLE_MODULES = YES;
				CLANG_ENABLE_OBJC_ARC = YES;
				CLANG_ENABLE_OBJC_WEAK = YES;
				CLANG_WARN_BLOCK_CAPTURE_AUTORELEASING = YES;
				CLANG_WARN_BOOL_CONVERSION = YES;
				CLANG_WARN_COMMA = YES;
				CLANG_WARN_CONSTANT_CONVERSION = YES;
				CLANG_WARN_DEPRECATED_OBJC_IMPLEMENTATIONS = YES;
				CLANG_WARN_DIRECT_OBJC_ISA_USAGE = YES_ERROR;
				CLANG_WARN_DOCUMENTATION_COMMENTS = YES;
				CLANG_WARN_EMPTY_BODY = YES;
				CLANG_WARN_ENUM_CONVERSION = YES;
				CLANG_WARN_INFINITE_RECURSION = YES;
				CLANG_WARN_INT_CONVERSION = YES;
				CLANG_WARN_NON_LITERAL_NULL_CONVERSION = YES;
				CLANG_WARN_OBJC_IMPLICIT_RETAIN_SELF = YES;
				CLANG_WARN_OBJC_LITERAL_CONVERSION = YES;
				CLANG_WARN_OBJC_ROOT_CLASS = YES_ERROR;
				CLANG_WARN_QUOTED_INCLUDE_IN_FRAMEWORK_HEADER = YES;
				CLANG_WARN_RANGE_LOOP_ANALYSIS = YES;
				CLANG_WARN_STRICT_PROTOTYPES = YES;
				CLANG_WARN_SUSPICIOUS_MOVE = YES;
				CLANG_WARN_UNGUARDED_AVAILABILITY = YES_AGGRESSIVE;
				CLANG_WARN_UNREACHABLE_CODE = YES;
				CLANG_WARN__DUPLICATE_METHOD_MATCH = YES;
				COPY_PHASE_STRIP = NO;
				DEBUG_INFORMATION_FORMAT = dwarf;
				ENABLE_STRICT_OBJC_MSGSEND = YES;
				ENABLE_TESTABILITY = YES;
				ENABLE_USER_SCRIPT_SANDBOXING = YES;
				GCC_C_LANGUAGE_STANDARD = gnu17;
				GCC_DYNAMIC_NO_PIC = NO;
				GCC_NO_COMMON_BLOCKS = YES;
				GCC_OPTIMIZATION_LEVEL = 0;
				GCC_PREPROCESSOR_DEFINITIONS = (
					"DEBUG=1",
					"$(inherited)",
				);
				GCC_WARN_64_TO_32_BIT_CONVERSION = YES;
				GCC_WARN_ABOUT_RETURN_TYPE = YES_ERROR;
				GCC_WARN_UNDECLARED_SELECTOR = YES;
				GCC_WARN_UNINITIALIZED_AUTOS = YES_AGGRESSIVE;
				GCC_WARN_UNUSED_FUNCTION = YES;
				GCC_WARN_UNUSED_VARIABLE = YES;
				IPHONEOS_DEPLOYMENT_TARGET = 17.4;
				LOCALIZATION_PREFERS_STRING_CATALOGS = YES;
				MTL_ENABLE_DEBUG_INFO = INCLUDE_SOURCE;
				MTL_FAST_MATH = YES;
				ONLY_ACTIVE_ARCH = YES;
				SDKROOT = iphoneos;
				SWIFT_ACTIVE_COMPILATION_CONDITIONS = "DEBUG $(inherited)";
				SWIFT_OPTIMIZATION_LEVEL = "-Onone";
			};
			name = Debug;
		};
		1EC9F5092BBC33AF00826FF2 /* Release */ = {
			isa = XCBuildConfiguration;
			buildSettings = {
				ALWAYS_SEARCH_USER_PATHS = NO;
				ASSETCATALOG_COMPILER_GENERATE_SWIFT_ASSET_SYMBOL_EXTENSIONS = YES;
				CLANG_ANALYZER_NONNULL = YES;
				CLANG_ANALYZER_NUMBER_OBJECT_CONVERSION = YES_AGGRESSIVE;
				CLANG_CXX_LANGUAGE_STANDARD = "gnu++20";
				CLANG_ENABLE_MODULES = YES;
				CLANG_ENABLE_OBJC_ARC = YES;
				CLANG_ENABLE_OBJC_WEAK = YES;
				CLANG_WARN_BLOCK_CAPTURE_AUTORELEASING = YES;
				CLANG_WARN_BOOL_CONVERSION = YES;
				CLANG_WARN_COMMA = YES;
				CLANG_WARN_CONSTANT_CONVERSION = YES;
				CLANG_WARN_DEPRECATED_OBJC_IMPLEMENTATIONS = YES;
				CLANG_WARN_DIRECT_OBJC_ISA_USAGE = YES_ERROR;
				CLANG_WARN_DOCUMENTATION_COMMENTS = YES;
				CLANG_WARN_EMPTY_BODY = YES;
				CLANG_WARN_ENUM_CONVERSION = YES;
				CLANG_WARN_INFINITE_RECURSION = YES;
				CLANG_WARN_INT_CONVERSION = YES;
				CLANG_WARN_NON_LITERAL_NULL_CONVERSION = YES;
				CLANG_WARN_OBJC_IMPLICIT_RETAIN_SELF = YES;
				CLANG_WARN_OBJC_LITERAL_CONVERSION = YES;
				CLANG_WARN_OBJC_ROOT_CLASS = YES_ERROR;
				CLANG_WARN_QUOTED_INCLUDE_IN_FRAMEWORK_HEADER = YES;
				CLANG_WARN_RANGE_LOOP_ANALYSIS = YES;
				CLANG_WARN_STRICT_PROTOTYPES = YES;
				CLANG_WARN_SUSPICIOUS_MOVE = YES;
				CLANG_WARN_UNGUARDED_AVAILABILITY = YES_AGGRESSIVE;
				CLANG_WARN_UNREACHABLE_CODE = YES;
				CLANG_WARN__DUPLICATE_METHOD_MATCH = YES;
				COPY_PHASE_STRIP = NO;
				DEBUG_INFORMATION_FORMAT = "dwarf-with-dsym";
				ENABLE_NS_ASSERTIONS = NO;
				ENABLE_STRICT_OBJC_MSGSEND = YES;
				ENABLE_USER_SCRIPT_SANDBOXING = YES;
				GCC_C_LANGUAGE_STANDARD = gnu17;
				GCC_NO_COMMON_BLOCKS = YES;
				GCC_WARN_64_TO_32_BIT_CONVERSION = YES;
				GCC_WARN_ABOUT_RETURN_TYPE = YES_ERROR;
				GCC_WARN_UNDECLARED_SELECTOR = YES;
				GCC_WARN_UNINITIALIZED_AUTOS = YES_AGGRESSIVE;
				GCC_WARN_UNUSED_FUNCTION = YES;
				GCC_WARN_UNUSED_VARIABLE = YES;
				IPHONEOS_DEPLOYMENT_TARGET = 17.4;
				LOCALIZATION_PREFERS_STRING_CATALOGS = YES;
				MTL_ENABLE_DEBUG_INFO = NO;
				MTL_FAST_MATH = YES;
				SDKROOT = iphoneos;
				SWIFT_COMPILATION_MODE = wholemodule;
				VALIDATE_PRODUCT = YES;
			};
			name = Release;
		};
		1EC9F50B2BBC33AF00826FF2 /* Debug */ = {
			isa = XCBuildConfiguration;
			buildSettings = {
				ASSETCATALOG_COMPILER_APPICON_NAME = AppIcon;
				ASSETCATALOG_COMPILER_GLOBAL_ACCENT_COLOR_NAME = AccentColor;
				CODE_SIGN_STYLE = Automatic;
				CURRENT_PROJECT_VERSION = 1;
				DEVELOPMENT_TEAM = BLM4H4R54R;
				GENERATE_INFOPLIST_FILE = YES;
				INFOPLIST_FILE = MusicApplication/Info.plist;
				INFOPLIST_KEY_UIApplicationSupportsIndirectInputEvents = YES;
				INFOPLIST_KEY_UILaunchStoryboardName = LaunchScreen;
				INFOPLIST_KEY_UIMainStoryboardFile = Main;
				INFOPLIST_KEY_UISupportedInterfaceOrientations_iPad = "UIInterfaceOrientationPortrait UIInterfaceOrientationPortraitUpsideDown UIInterfaceOrientationLandscapeLeft UIInterfaceOrientationLandscapeRight";
				INFOPLIST_KEY_UISupportedInterfaceOrientations_iPhone = "UIInterfaceOrientationPortrait UIInterfaceOrientationLandscapeLeft UIInterfaceOrientationLandscapeRight";
				LD_RUNPATH_SEARCH_PATHS = (
					"$(inherited)",
					"@executable_path/Frameworks",
				);
				MARKETING_VERSION = 1.0;
				PRODUCT_BUNDLE_IDENTIFIER = com.aman.personal.MusicApplication;
				PRODUCT_NAME = "$(TARGET_NAME)";
				SWIFT_EMIT_LOC_STRINGS = YES;
				SWIFT_VERSION = 5.0;
				TARGETED_DEVICE_FAMILY = "1,2";
			};
			name = Debug;
		};
		1EC9F50C2BBC33AF00826FF2 /* Release */ = {
			isa = XCBuildConfiguration;
			buildSettings = {
				ASSETCATALOG_COMPILER_APPICON_NAME = AppIcon;
				ASSETCATALOG_COMPILER_GLOBAL_ACCENT_COLOR_NAME = AccentColor;
				CODE_SIGN_STYLE = Automatic;
				CURRENT_PROJECT_VERSION = 1;
				DEVELOPMENT_TEAM = BLM4H4R54R;
				GENERATE_INFOPLIST_FILE = YES;
				INFOPLIST_FILE = MusicApplication/Info.plist;
				INFOPLIST_KEY_UIApplicationSupportsIndirectInputEvents = YES;
				INFOPLIST_KEY_UILaunchStoryboardName = LaunchScreen;
				INFOPLIST_KEY_UIMainStoryboardFile = Main;
				INFOPLIST_KEY_UISupportedInterfaceOrientations_iPad = "UIInterfaceOrientationPortrait UIInterfaceOrientationPortraitUpsideDown UIInterfaceOrientationLandscapeLeft UIInterfaceOrientationLandscapeRight";
				INFOPLIST_KEY_UISupportedInterfaceOrientations_iPhone = "UIInterfaceOrientationPortrait UIInterfaceOrientationLandscapeLeft UIInterfaceOrientationLandscapeRight";
				LD_RUNPATH_SEARCH_PATHS = (
					"$(inherited)",
					"@executable_path/Frameworks",
				);
				MARKETING_VERSION = 1.0;
				PRODUCT_BUNDLE_IDENTIFIER = com.aman.personal.MusicApplication;
				PRODUCT_NAME = "$(TARGET_NAME)";
				SWIFT_EMIT_LOC_STRINGS = YES;
				SWIFT_VERSION = 5.0;
				TARGETED_DEVICE_FAMILY = "1,2";
			};
			name = Release;
		};
		1EC9F50E2BBC33AF00826FF2 /* Debug */ = {
			isa = XCBuildConfiguration;
			buildSettings = {
				ALWAYS_EMBED_SWIFT_STANDARD_LIBRARIES = YES;
				BUNDLE_LOADER = "$(TEST_HOST)";
				CODE_SIGN_STYLE = Automatic;
				CURRENT_PROJECT_VERSION = 1;
				DEVELOPMENT_TEAM = BLM4H4R54R;
				GENERATE_INFOPLIST_FILE = YES;
				IPHONEOS_DEPLOYMENT_TARGET = 17.4;
				MARKETING_VERSION = 1.0;
				PRODUCT_BUNDLE_IDENTIFIER = com.aman.personal.MusicApplicationTests;
				PRODUCT_NAME = "$(TARGET_NAME)";
				SWIFT_EMIT_LOC_STRINGS = NO;
				SWIFT_VERSION = 5.0;
				TARGETED_DEVICE_FAMILY = "1,2";
				TEST_HOST = "$(BUILT_PRODUCTS_DIR)/MusicApplication.app/$(BUNDLE_EXECUTABLE_FOLDER_PATH)/MusicApplication";
			};
			name = Debug;
		};
		1EC9F50F2BBC33AF00826FF2 /* Release */ = {
			isa = XCBuildConfiguration;
			buildSettings = {
				ALWAYS_EMBED_SWIFT_STANDARD_LIBRARIES = YES;
				BUNDLE_LOADER = "$(TEST_HOST)";
				CODE_SIGN_STYLE = Automatic;
				CURRENT_PROJECT_VERSION = 1;
				DEVELOPMENT_TEAM = BLM4H4R54R;
				GENERATE_INFOPLIST_FILE = YES;
				IPHONEOS_DEPLOYMENT_TARGET = 17.4;
				MARKETING_VERSION = 1.0;
				PRODUCT_BUNDLE_IDENTIFIER = com.aman.personal.MusicApplicationTests;
				PRODUCT_NAME = "$(TARGET_NAME)";
				SWIFT_EMIT_LOC_STRINGS = NO;
				SWIFT_VERSION = 5.0;
				TARGETED_DEVICE_FAMILY = "1,2";
				TEST_HOST = "$(BUILT_PRODUCTS_DIR)/MusicApplication.app/$(BUNDLE_EXECUTABLE_FOLDER_PATH)/MusicApplication";
			};
			name = Release;
		};
		1EC9F5112BBC33AF00826FF2 /* Debug */ = {
			isa = XCBuildConfiguration;
			buildSettings = {
				ALWAYS_EMBED_SWIFT_STANDARD_LIBRARIES = YES;
				CODE_SIGN_STYLE = Automatic;
				CURRENT_PROJECT_VERSION = 1;
				DEVELOPMENT_TEAM = BLM4H4R54R;
				GENERATE_INFOPLIST_FILE = YES;
				MARKETING_VERSION = 1.0;
				PRODUCT_BUNDLE_IDENTIFIER = com.aman.personal.MusicApplicationUITests;
				PRODUCT_NAME = "$(TARGET_NAME)";
				SWIFT_EMIT_LOC_STRINGS = NO;
				SWIFT_VERSION = 5.0;
				TARGETED_DEVICE_FAMILY = "1,2";
				TEST_TARGET_NAME = MusicApplication;
			};
			name = Debug;
		};
		1EC9F5122BBC33AF00826FF2 /* Release */ = {
			isa = XCBuildConfiguration;
			buildSettings = {
				ALWAYS_EMBED_SWIFT_STANDARD_LIBRARIES = YES;
				CODE_SIGN_STYLE = Automatic;
				CURRENT_PROJECT_VERSION = 1;
				DEVELOPMENT_TEAM = BLM4H4R54R;
				GENERATE_INFOPLIST_FILE = YES;
				MARKETING_VERSION = 1.0;
				PRODUCT_BUNDLE_IDENTIFIER = com.aman.personal.MusicApplicationUITests;
				PRODUCT_NAME = "$(TARGET_NAME)";
				SWIFT_EMIT_LOC_STRINGS = NO;
				SWIFT_VERSION = 5.0;
				TARGETED_DEVICE_FAMILY = "1,2";
				TEST_TARGET_NAME = MusicApplication;
			};
			name = Release;
		};
/* End XCBuildConfiguration section */

/* Begin XCConfigurationList section */
		1EC9F4DB2BBC33AC00826FF2 /* Build configuration list for PBXProject "MusicApplication" */ = {
			isa = XCConfigurationList;
			buildConfigurations = (
				1EC9F5082BBC33AF00826FF2 /* Debug */,
				1EC9F5092BBC33AF00826FF2 /* Release */,
			);
			defaultConfigurationIsVisible = 0;
			defaultConfigurationName = Release;
		};
		1EC9F50A2BBC33AF00826FF2 /* Build configuration list for PBXNativeTarget "MusicApplication" */ = {
			isa = XCConfigurationList;
			buildConfigurations = (
				1EC9F50B2BBC33AF00826FF2 /* Debug */,
				1EC9F50C2BBC33AF00826FF2 /* Release */,
			);
			defaultConfigurationIsVisible = 0;
			defaultConfigurationName = Release;
		};
		1EC9F50D2BBC33AF00826FF2 /* Build configuration list for PBXNativeTarget "MusicApplicationTests" */ = {
			isa = XCConfigurationList;
			buildConfigurations = (
				1EC9F50E2BBC33AF00826FF2 /* Debug */,
				1EC9F50F2BBC33AF00826FF2 /* Release */,
			);
			defaultConfigurationIsVisible = 0;
			defaultConfigurationName = Release;
		};
		1EC9F5102BBC33AF00826FF2 /* Build configuration list for PBXNativeTarget "MusicApplicationUITests" */ = {
			isa = XCConfigurationList;
			buildConfigurations = (
				1EC9F5112BBC33AF00826FF2 /* Debug */,
				1EC9F5122BBC33AF00826FF2 /* Release */,
			);
			defaultConfigurationIsVisible = 0;
			defaultConfigurationName = Release;
		};
/* End XCConfigurationList section */
	};
	rootObject = 1EC9F4D82BBC33AC00826FF2 /* Project object */;
}
